// !$*UTF8*$!
{
	archiveVersion = 1;
	classes = {
	};
	objectVersion = 77;
	objects = {

/* Begin PBXBuildFile section */
		02E30585609A4DFD0767E373 /* Pods_derm_dx.framework in Frameworks */ = {isa = PBXBuildFile; fileRef = D55E79E0AC7C65672FA02E67 /* Pods_derm_dx.framework */; };
		6C1CA00B94E41311B5ABBF53 /* Pods_derm_dxTests.framework in Frameworks */ = {isa = PBXBuildFile; fileRef = 1F973C4D95D08089D50B93EF /* Pods_derm_dxTests.framework */; };
		74571344829D554D12DBD2D3 /* Pods_derm_dx_derm_dxUITests.framework in Frameworks */ = {isa = PBXBuildFile; fileRef = 9A5FA8CCA3B96C94CA2187EB /* Pods_derm_dx_derm_dxUITests.framework */; };
/* End PBXBuildFile section */

/* Begin PBXContainerItemProxy section */
		8B77CB212DDFBAAF00CAF13C /* PBXContainerItemProxy */ = {
			isa = PBXContainerItemProxy;
			containerPortal = 8B77CB082DDFBAAE00CAF13C /* Project object */;
			proxyType = 1;
			remoteGlobalIDString = 8B77CB0F2DDFBAAE00CAF13C;
			remoteInfo = derm_dx;
		};
		8B77CB2B2DDFBAAF00CAF13C /* PBXContainerItemProxy */ = {
			isa = PBXContainerItemProxy;
			containerPortal = 8B77CB082DDFBAAE00CAF13C /* Project object */;
			proxyType = 1;
			remoteGlobalIDString = 8B77CB0F2DDFBAAE00CAF13C;
			remoteInfo = derm_dx;
		};
/* End PBXContainerItemProxy section */

/* Begin PBXFileReference section */
		1F973C4D95D08089D50B93EF /* Pods_derm_dxTests.framework */ = {isa = PBXFileReference; explicitFileType = wrapper.framework; includeInIndex = 0; path = Pods_derm_dxTests.framework; sourceTree = BUILT_PRODUCTS_DIR; };
		39589FB54F51A690190D1A48 /* Pods-derm_dx-derm_dxUITests.debug.xcconfig */ = {isa = PBXFileReference; includeInIndex = 1; lastKnownFileType = text.xcconfig; name = "Pods-derm_dx-derm_dxUITests.debug.xcconfig"; path = "Target Support Files/Pods-derm_dx-derm_dxUITests/Pods-derm_dx-derm_dxUITests.debug.xcconfig"; sourceTree = "<group>"; };
		472DFDEE956D8079EE92E3B0 /* Pods-derm_dxTests.release.xcconfig */ = {isa = PBXFileReference; includeInIndex = 1; lastKnownFileType = text.xcconfig; name = "Pods-derm_dxTests.release.xcconfig"; path = "Target Support Files/Pods-derm_dxTests/Pods-derm_dxTests.release.xcconfig"; sourceTree = "<group>"; };
		676CDB46CE295FD6B1F8166B /* Pods-derm_dx.debug.xcconfig */ = {isa = PBXFileReference; includeInIndex = 1; lastKnownFileType = text.xcconfig; name = "Pods-derm_dx.debug.xcconfig"; path = "Target Support Files/Pods-derm_dx/Pods-derm_dx.debug.xcconfig"; sourceTree = "<group>"; };
		783EDB31263933685CB6A21D /* Pods-derm_dx-derm_dxUITests.release.xcconfig */ = {isa = PBXFileReference; includeInIndex = 1; lastKnownFileType = text.xcconfig; name = "Pods-derm_dx-derm_dxUITests.release.xcconfig"; path = "Target Support Files/Pods-derm_dx-derm_dxUITests/Pods-derm_dx-derm_dxUITests.release.xcconfig"; sourceTree = "<group>"; };
		8B77CB102DDFBAAE00CAF13C /* derm_dx.app */ = {isa = PBXFileReference; explicitFileType = wrapper.application; includeInIndex = 0; path = derm_dx.app; sourceTree = BUILT_PRODUCTS_DIR; };
		8B77CB202DDFBAAF00CAF13C /* derm_dxTests.xctest */ = {isa = PBXFileReference; explicitFileType = wrapper.cfbundle; includeInIndex = 0; path = derm_dxTests.xctest; sourceTree = BUILT_PRODUCTS_DIR; };
		8B77CB2A2DDFBAAF00CAF13C /* derm_dxUITests.xctest */ = {isa = PBXFileReference; explicitFileType = wrapper.cfbundle; includeInIndex = 0; path = derm_dxUITests.xctest; sourceTree = BUILT_PRODUCTS_DIR; };
		9A5FA8CCA3B96C94CA2187EB /* Pods_derm_dx_derm_dxUITests.framework */ = {isa = PBXFileReference; explicitFileType = wrapper.framework; includeInIndex = 0; path = Pods_derm_dx_derm_dxUITests.framework; sourceTree = BUILT_PRODUCTS_DIR; };
		9B6F4CFF5330C57925E8FB44 /* Pods-derm_dx.release.xcconfig */ = {isa = PBXFileReference; includeInIndex = 1; lastKnownFileType = text.xcconfig; name = "Pods-derm_dx.release.xcconfig"; path = "Target Support Files/Pods-derm_dx/Pods-derm_dx.release.xcconfig"; sourceTree = "<group>"; };
		BF8EDCBD01D24B5394392EEA /* Pods-derm_dxTests.debug.xcconfig */ = {isa = PBXFileReference; includeInIndex = 1; lastKnownFileType = text.xcconfig; name = "Pods-derm_dxTests.debug.xcconfig"; path = "Target Support Files/Pods-derm_dxTests/Pods-derm_dxTests.debug.xcconfig"; sourceTree = "<group>"; };
		D55E79E0AC7C65672FA02E67 /* Pods_derm_dx.framework */ = {isa = PBXFileReference; explicitFileType = wrapper.framework; includeInIndex = 0; path = Pods_derm_dx.framework; sourceTree = BUILT_PRODUCTS_DIR; };
/* End PBXFileReference section */

/* Begin PBXFileSystemSynchronizedRootGroup section */
		8B77CB122DDFBAAE00CAF13C /* derm_dx */ = {
			isa = PBXFileSystemSynchronizedRootGroup;
			exceptions = (
			);
			path = derm_dx;
			sourceTree = "<group>";
		};
		8B77CB232DDFBAAF00CAF13C /* derm_dxTests */ = {
			isa = PBXFileSystemSynchronizedRootGroup;
			exceptions = (
			);
			path = derm_dxTests;
			sourceTree = "<group>";
		};
		8B77CB2D2DDFBAAF00CAF13C /* derm_dxUITests */ = {
			isa = PBXFileSystemSynchronizedRootGroup;
			exceptions = (
			);
			path = derm_dxUITests;
			sourceTree = "<group>";
		};
/* End PBXFileSystemSynchronizedRootGroup section */

/* Begin PBXFrameworksBuildPhase section */
		8B77CB0D2DDFBAAE00CAF13C /* Frameworks */ = {
			isa = PBXFrameworksBuildPhase;
			buildActionMask = 2147483647;
			files = (
				02E30585609A4DFD0767E373 /* Pods_derm_dx.framework in Frameworks */,
			);
			runOnlyForDeploymentPostprocessing = 0;
		};
		8B77CB1D2DDFBAAF00CAF13C /* Frameworks */ = {
			isa = PBXFrameworksBuildPhase;
			buildActionMask = 2147483647;
			files = (
				6C1CA00B94E41311B5ABBF53 /* Pods_derm_dxTests.framework in Frameworks */,
			);
			runOnlyForDeploymentPostprocessing = 0;
		};
		8B77CB272DDFBAAF00CAF13C /* Frameworks */ = {
			isa = PBXFrameworksBuildPhase;
			buildActionMask = 2147483647;
			files = (
				74571344829D554D12DBD2D3 /* Pods_derm_dx_derm_dxUITests.framework in Frameworks */,
			);
			runOnlyForDeploymentPostprocessing = 0;
		};
/* End PBXFrameworksBuildPhase section */

/* Begin PBXGroup section */
		13489297149DC9CE1CC5838F /* Pods */ = {
			isa = PBXGroup;
			children = (
				676CDB46CE295FD6B1F8166B /* Pods-derm_dx.debug.xcconfig */,
				9B6F4CFF5330C57925E8FB44 /* Pods-derm_dx.release.xcconfig */,
				39589FB54F51A690190D1A48 /* Pods-derm_dx-derm_dxUITests.debug.xcconfig */,
				783EDB31263933685CB6A21D /* Pods-derm_dx-derm_dxUITests.release.xcconfig */,
				BF8EDCBD01D24B5394392EEA /* Pods-derm_dxTests.debug.xcconfig */,
				472DFDEE956D8079EE92E3B0 /* Pods-derm_dxTests.release.xcconfig */,
			);
			name = Pods;
			path = Pods;
			sourceTree = "<group>";
		};
		8B77CB072DDFBAAE00CAF13C = {
			isa = PBXGroup;
			children = (
				8B77CB122DDFBAAE00CAF13C /* derm_dx */,
				8B77CB232DDFBAAF00CAF13C /* derm_dxTests */,
				8B77CB2D2DDFBAAF00CAF13C /* derm_dxUITests */,
				8B77CB112DDFBAAE00CAF13C /* Products */,
				13489297149DC9CE1CC5838F /* Pods */,
				AAA4F6142363414E3F6D8A15 /* Frameworks */,
			);
			sourceTree = "<group>";
		};
		8B77CB112DDFBAAE00CAF13C /* Products */ = {
			isa = PBXGroup;
			children = (
				8B77CB102DDFBAAE00CAF13C /* derm_dx.app */,
				8B77CB202DDFBAAF00CAF13C /* derm_dxTests.xctest */,
				8B77CB2A2DDFBAAF00CAF13C /* derm_dxUITests.xctest */,
			);
			name = Products;
			sourceTree = "<group>";
		};
		AAA4F6142363414E3F6D8A15 /* Frameworks */ = {
			isa = PBXGroup;
			children = (
				D55E79E0AC7C65672FA02E67 /* Pods_derm_dx.framework */,
				9A5FA8CCA3B96C94CA2187EB /* Pods_derm_dx_derm_dxUITests.framework */,
				1F973C4D95D08089D50B93EF /* Pods_derm_dxTests.framework */,
			);
			name = Frameworks;
			sourceTree = "<group>";
		};
/* End PBXGroup section */

/* Begin PBXNativeTarget section */
		8B77CB0F2DDFBAAE00CAF13C /* derm_dx */ = {
			isa = PBXNativeTarget;
			buildConfigurationList = 8B77CB342DDFBAAF00CAF13C /* Build configuration list for PBXNativeTarget "derm_dx" */;
			buildPhases = (
				A8D6A8AA2774C2EA7A0411F0 /* [CP] Check Pods Manifest.lock */,
				8B77CB0C2DDFBAAE00CAF13C /* Sources */,
				8B77CB0D2DDFBAAE00CAF13C /* Frameworks */,
				8B77CB0E2DDFBAAE00CAF13C /* Resources */,
			);
			buildRules = (
			);
			dependencies = (
			);
			fileSystemSynchronizedGroups = (
				8B77CB122DDFBAAE00CAF13C /* derm_dx */,
			);
			name = derm_dx;
			productName = derm_dx;
			productReference = 8B77CB102DDFBAAE00CAF13C /* derm_dx.app */;
			productType = "com.apple.product-type.application";
		};
		8B77CB1F2DDFBAAF00CAF13C /* derm_dxTests */ = {
			isa = PBXNativeTarget;
			buildConfigurationList = 8B77CB372DDFBAAF00CAF13C /* Build configuration list for PBXNativeTarget "derm_dxTests" */;
			buildPhases = (
				2EEE454E3BA5E272DA226885 /* [CP] Check Pods Manifest.lock */,
				8B77CB1C2DDFBAAF00CAF13C /* Sources */,
				8B77CB1D2DDFBAAF00CAF13C /* Frameworks */,
				8B77CB1E2DDFBAAF00CAF13C /* Resources */,
			);
			buildRules = (
			);
			dependencies = (
				8B77CB222DDFBAAF00CAF13C /* PBXTargetDependency */,
			);
			fileSystemSynchronizedGroups = (
				8B77CB232DDFBAAF00CAF13C /* derm_dxTests */,
			);
			name = derm_dxTests;
			productName = derm_dxTests;
			productReference = 8B77CB202DDFBAAF00CAF13C /* derm_dxTests.xctest */;
			productType = "com.apple.product-type.bundle.unit-test";
		};
		8B77CB292DDFBAAF00CAF13C /* derm_dxUITests */ = {
			isa = PBXNativeTarget;
			buildConfigurationList = 8B77CB3A2DDFBAAF00CAF13C /* Build configuration list for PBXNativeTarget "derm_dxUITests" */;
			buildPhases = (
				28DF5B04623D60CD95E9CD86 /* [CP] Check Pods Manifest.lock */,
				8B77CB262DDFBAAF00CAF13C /* Sources */,
				8B77CB272DDFBAAF00CAF13C /* Frameworks */,
				8B77CB282DDFBAAF00CAF13C /* Resources */,
			);
			buildRules = (
			);
			dependencies = (
				8B77CB2C2DDFBAAF00CAF13C /* PBXTargetDependency */,
			);
			fileSystemSynchronizedGroups = (
				8B77CB2D2DDFBAAF00CAF13C /* derm_dxUITests */,
			);
			name = derm_dxUITests;
			productName = derm_dxUITests;
			productReference = 8B77CB2A2DDFBAAF00CAF13C /* derm_dxUITests.xctest */;
			productType = "com.apple.product-type.bundle.ui-testing";
		};
/* End PBXNativeTarget section */

/* Begin PBXProject section */
		8B77CB082DDFBAAE00CAF13C /* Project object */ = {
			isa = PBXProject;
			attributes = {
				BuildIndependentTargetsInParallel = 1;
				LastSwiftUpdateCheck = 1610;
				LastUpgradeCheck = 1610;
				TargetAttributes = {
					8B77CB0F2DDFBAAE00CAF13C = {
						CreatedOnToolsVersion = 16.1;
					};
					8B77CB1F2DDFBAAF00CAF13C = {
						CreatedOnToolsVersion = 16.1;
						TestTargetID = 8B77CB0F2DDFBAAE00CAF13C;
					};
					8B77CB292DDFBAAF00CAF13C = {
						CreatedOnToolsVersion = 16.1;
						TestTargetID = 8B77CB0F2DDFBAAE00CAF13C;
					};
				};
			};
			buildConfigurationList = 8B77CB0B2DDFBAAE00CAF13C /* Build configuration list for PBXProject "derm_dx" */;
			developmentRegion = en;
			hasScannedForEncodings = 0;
			knownRegions = (
				en,
				Base,
			);
			mainGroup = 8B77CB072DDFBAAE00CAF13C;
			minimizedProjectReferenceProxies = 1;
			preferredProjectObjectVersion = 77;
			productRefGroup = 8B77CB112DDFBAAE00CAF13C /* Products */;
			projectDirPath = "";
			projectRoot = "";
			targets = (
				8B77CB0F2DDFBAAE00CAF13C /* derm_dx */,
				8B77CB1F2DDFBAAF00CAF13C /* derm_dxTests */,
				8B77CB292DDFBAAF00CAF13C /* derm_dxUITests */,
			);
		};
/* End PBXProject section */

/* Begin PBXResourcesBuildPhase section */
		8B77CB0E2DDFBAAE00CAF13C /* Resources */ = {
			isa = PBXResourcesBuildPhase;
			buildActionMask = 2147483647;
			files = (
			);
			runOnlyForDeploymentPostprocessing = 0;
		};
		8B77CB1E2DDFBAAF00CAF13C /* Resources */ = {
			isa = PBXResourcesBuildPhase;
			buildActionMask = 2147483647;
			files = (
			);
			runOnlyForDeploymentPostprocessing = 0;
		};
		8B77CB282DDFBAAF00CAF13C /* Resources */ = {
			isa = PBXResourcesBuildPhase;
			buildActionMask = 2147483647;
			files = (
			);
			runOnlyForDeploymentPostprocessing = 0;
		};
/* End PBXResourcesBuildPhase section */

/* Begin PBXShellScriptBuildPhase section */
		28DF5B04623D60CD95E9CD86 /* [CP] Check Pods Manifest.lock */ = {
			isa = PBXShellScriptBuildPhase;
			buildActionMask = 2147483647;
			files = (
			);
			inputFileListPaths = (
			);
			inputPaths = (
				"${PODS_PODFILE_DIR_PATH}/Podfile.lock",
				"${PODS_ROOT}/Manifest.lock",
			);
			name = "[CP] Check Pods Manifest.lock";
			outputFileListPaths = (
			);
			outputPaths = (
				"$(DERIVED_FILE_DIR)/Pods-derm_dx-derm_dxUITests-checkManifestLockResult.txt",
			);
			runOnlyForDeploymentPostprocessing = 0;
			shellPath = /bin/sh;
			shellScript = "diff \"${PODS_PODFILE_DIR_PATH}/Podfile.lock\" \"${PODS_ROOT}/Manifest.lock\" > /dev/null\nif [ $? != 0 ] ; then\n    # print error to STDERR\n    echo \"error: The sandbox is not in sync with the Podfile.lock. Run 'pod install' or update your CocoaPods installation.\" >&2\n    exit 1\nfi\n# This output is used by Xcode 'outputs' to avoid re-running this script phase.\necho \"SUCCESS\" > \"${SCRIPT_OUTPUT_FILE_0}\"\n";
			showEnvVarsInLog = 0;
		};
		2EEE454E3BA5E272DA226885 /* [CP] Check Pods Manifest.lock */ = {
			isa = PBXShellScriptBuildPhase;
			buildActionMask = 2147483647;
			files = (
			);
			inputFileListPaths = (
			);
			inputPaths = (
				"${PODS_PODFILE_DIR_PATH}/Podfile.lock",
				"${PODS_ROOT}/Manifest.lock",
			);
			name = "[CP] Check Pods Manifest.lock";
			outputFileListPaths = (
			);
			outputPaths = (
				"$(DERIVED_FILE_DIR)/Pods-derm_dxTests-checkManifestLockResult.txt",
			);
			runOnlyForDeploymentPostprocessing = 0;
			shellPath = /bin/sh;
			shellScript = "diff \"${PODS_PODFILE_DIR_PATH}/Podfile.lock\" \"${PODS_ROOT}/Manifest.lock\" > /dev/null\nif [ $? != 0 ] ; then\n    # print error to STDERR\n    echo \"error: The sandbox is not in sync with the Podfile.lock. Run 'pod install' or update your CocoaPods installation.\" >&2\n    exit 1\nfi\n# This output is used by Xcode 'outputs' to avoid re-running this script phase.\necho \"SUCCESS\" > \"${SCRIPT_OUTPUT_FILE_0}\"\n";
			showEnvVarsInLog = 0;
		};
		A8D6A8AA2774C2EA7A0411F0 /* [CP] Check Pods Manifest.lock */ = {
			isa = PBXShellScriptBuildPhase;
			buildActionMask = 2147483647;
			files = (
			);
			inputFileListPaths = (
			);
			inputPaths = (
				"${PODS_PODFILE_DIR_PATH}/Podfile.lock",
				"${PODS_ROOT}/Manifest.lock",
			);
			name = "[CP] Check Pods Manifest.lock";
			outputFileListPaths = (
			);
			outputPaths = (
				"$(DERIVED_FILE_DIR)/Pods-derm_dx-checkManifestLockResult.txt",
			);
			runOnlyForDeploymentPostprocessing = 0;
			shellPath = /bin/sh;
			shellScript = "diff \"${PODS_PODFILE_DIR_PATH}/Podfile.lock\" \"${PODS_ROOT}/Manifest.lock\" > /dev/null\nif [ $? != 0 ] ; then\n    # print error to STDERR\n    echo \"error: The sandbox is not in sync with the Podfile.lock. Run 'pod install' or update your CocoaPods installation.\" >&2\n    exit 1\nfi\n# This output is used by Xcode 'outputs' to avoid re-running this script phase.\necho \"SUCCESS\" > \"${SCRIPT_OUTPUT_FILE_0}\"\n";
			showEnvVarsInLog = 0;
		};
/* End PBXShellScriptBuildPhase section */

/* Begin PBXSourcesBuildPhase section */
		8B77CB0C2DDFBAAE00CAF13C /* Sources */ = {
			isa = PBXSourcesBuildPhase;
			buildActionMask = 2147483647;
			files = (
			);
			runOnlyForDeploymentPostprocessing = 0;
		};
		8B77CB1C2DDFBAAF00CAF13C /* Sources */ = {
			isa = PBXSourcesBuildPhase;
			buildActionMask = 2147483647;
			files = (
			);
			runOnlyForDeploymentPostprocessing = 0;
		};
		8B77CB262DDFBAAF00CAF13C /* Sources */ = {
			isa = PBXSourcesBuildPhase;
			buildActionMask = 2147483647;
			files = (
			);
			runOnlyForDeploymentPostprocessing = 0;
		};
/* End PBXSourcesBuildPhase section */

/* Begin PBXTargetDependency section */
		8B77CB222DDFBAAF00CAF13C /* PBXTargetDependency */ = {
			isa = PBXTargetDependency;
			target = 8B77CB0F2DDFBAAE00CAF13C /* derm_dx */;
			targetProxy = 8B77CB212DDFBAAF00CAF13C /* PBXContainerItemProxy */;
		};
		8B77CB2C2DDFBAAF00CAF13C /* PBXTargetDependency */ = {
			isa = PBXTargetDependency;
			target = 8B77CB0F2DDFBAAE00CAF13C /* derm_dx */;
			targetProxy = 8B77CB2B2DDFBAAF00CAF13C /* PBXContainerItemProxy */;
		};
/* End PBXTargetDependency section */

/* Begin XCBuildConfiguration section */
		8B77CB322DDFBAAF00CAF13C /* Debug */ = {
			isa = XCBuildConfiguration;
			buildSettings = {
				ALWAYS_SEARCH_USER_PATHS = NO;
				ASSETCATALOG_COMPILER_GENERATE_SWIFT_ASSET_SYMBOL_EXTENSIONS = YES;
				CLANG_ANALYZER_NONNULL = YES;
				CLANG_ANALYZER_NUMBER_OBJECT_CONVERSION = YES_AGGRESSIVE;
				CLANG_CXX_LANGUAGE_STANDARD = "gnu++20";
				CLANG_ENABLE_MODULES = YES;
				CLANG_ENABLE_OBJC_ARC = YES;
				CLANG_ENABLE_OBJC_WEAK = YES;
				CLANG_WARN_BLOCK_CAPTURE_AUTORELEASING = YES;
				CLANG_WARN_BOOL_CONVERSION = YES;
				CLANG_WARN_COMMA = YES;
				CLANG_WARN_CONSTANT_CONVERSION = YES;
				CLANG_WARN_DEPRECATED_OBJC_IMPLEMENTATIONS = YES;
				CLANG_WARN_DIRECT_OBJC_ISA_USAGE = YES_ERROR;
				CLANG_WARN_DOCUMENTATION_COMMENTS = YES;
				CLANG_WARN_EMPTY_BODY = YES;
				CLANG_WARN_ENUM_CONVERSION = YES;
				CLANG_WARN_INFINITE_RECURSION = YES;
				CLANG_WARN_INT_CONVERSION = YES;
				CLANG_WARN_NON_LITERAL_NULL_CONVERSION = YES;
				CLANG_WARN_OBJC_IMPLICIT_RETAIN_SELF = YES;
				CLANG_WARN_OBJC_LITERAL_CONVERSION = YES;
				CLANG_WARN_OBJC_ROOT_CLASS = YES_ERROR;
				CLANG_WARN_QUOTED_INCLUDE_IN_FRAMEWORK_HEADER = YES;
				CLANG_WARN_RANGE_LOOP_ANALYSIS = YES;
				CLANG_WARN_STRICT_PROTOTYPES = YES;
				CLANG_WARN_SUSPICIOUS_MOVE = YES;
				CLANG_WARN_UNGUARDED_AVAILABILITY = YES_AGGRESSIVE;
				CLANG_WARN_UNREACHABLE_CODE = YES;
				CLANG_WARN__DUPLICATE_METHOD_MATCH = YES;
				COPY_PHASE_STRIP = NO;
				DEBUG_INFORMATION_FORMAT = dwarf;
				ENABLE_STRICT_OBJC_MSGSEND = YES;
				ENABLE_TESTABILITY = YES;
				ENABLE_USER_SCRIPT_SANDBOXING = YES;
				GCC_C_LANGUAGE_STANDARD = gnu17;
				GCC_DYNAMIC_NO_PIC = NO;
				GCC_NO_COMMON_BLOCKS = YES;
				GCC_OPTIMIZATION_LEVEL = 0;
				GCC_PREPROCESSOR_DEFINITIONS = (
					"DEBUG=1",
					"$(inherited)",
				);
				GCC_WARN_64_TO_32_BIT_CONVERSION = YES;
				GCC_WARN_ABOUT_RETURN_TYPE = YES_ERROR;
				GCC_WARN_UNDECLARED_SELECTOR = YES;
				GCC_WARN_UNINITIALIZED_AUTOS = YES_AGGRESSIVE;
				GCC_WARN_UNUSED_FUNCTION = YES;
				GCC_WARN_UNUSED_VARIABLE = YES;
				IPHONEOS_DEPLOYMENT_TARGET = 18.1;
				LOCALIZATION_PREFERS_STRING_CATALOGS = YES;
				MTL_ENABLE_DEBUG_INFO = INCLUDE_SOURCE;
				MTL_FAST_MATH = YES;
				ONLY_ACTIVE_ARCH = YES;
				SDKROOT = iphoneos;
				SWIFT_ACTIVE_COMPILATION_CONDITIONS = "DEBUG $(inherited)";
				SWIFT_OPTIMIZATION_LEVEL = "-Onone";
			};
			name = Debug;
		};
		8B77CB332DDFBAAF00CAF13C /* Release */ = {
			isa = XCBuildConfiguration;
			buildSettings = {
				ALWAYS_SEARCH_USER_PATHS = NO;
				ASSETCATALOG_COMPILER_GENERATE_SWIFT_ASSET_SYMBOL_EXTENSIONS = YES;
				CLANG_ANALYZER_NONNULL = YES;
				CLANG_ANALYZER_NUMBER_OBJECT_CONVERSION = YES_AGGRESSIVE;
				CLANG_CXX_LANGUAGE_STANDARD = "gnu++20";
				CLANG_ENABLE_MODULES = YES;
				CLANG_ENABLE_OBJC_ARC = YES;
				CLANG_ENABLE_OBJC_WEAK = YES;
				CLANG_WARN_BLOCK_CAPTURE_AUTORELEASING = YES;
				CLANG_WARN_BOOL_CONVERSION = YES;
				CLANG_WARN_COMMA = YES;
				CLANG_WARN_CONSTANT_CONVERSION = YES;
				CLANG_WARN_DEPRECATED_OBJC_IMPLEMENTATIONS = YES;
				CLANG_WARN_DIRECT_OBJC_ISA_USAGE = YES_ERROR;
				CLANG_WARN_DOCUMENTATION_COMMENTS = YES;
				CLANG_WARN_EMPTY_BODY = YES;
				CLANG_WARN_ENUM_CONVERSION = YES;
				CLANG_WARN_INFINITE_RECURSION = YES;
				CLANG_WARN_INT_CONVERSION = YES;
				CLANG_WARN_NON_LITERAL_NULL_CONVERSION = YES;
				CLANG_WARN_OBJC_IMPLICIT_RETAIN_SELF = YES;
				CLANG_WARN_OBJC_LITERAL_CONVERSION = YES;
				CLANG_WARN_OBJC_ROOT_CLASS = YES_ERROR;
				CLANG_WARN_QUOTED_INCLUDE_IN_FRAMEWORK_HEADER = YES;
				CLANG_WARN_RANGE_LOOP_ANALYSIS = YES;
				CLANG_WARN_STRICT_PROTOTYPES = YES;
				CLANG_WARN_SUSPICIOUS_MOVE = YES;
				CLANG_WARN_UNGUARDED_AVAILABILITY = YES_AGGRESSIVE;
				CLANG_WARN_UNREACHABLE_CODE = YES;
				CLANG_WARN__DUPLICATE_METHOD_MATCH = YES;
				COPY_PHASE_STRIP = NO;
				DEBUG_INFORMATION_FORMAT = "dwarf-with-dsym";
				ENABLE_NS_ASSERTIONS = NO;
				ENABLE_STRICT_OBJC_MSGSEND = YES;
				ENABLE_USER_SCRIPT_SANDBOXING = YES;
				GCC_C_LANGUAGE_STANDARD = gnu17;
				GCC_NO_COMMON_BLOCKS = YES;
				GCC_WARN_64_TO_32_BIT_CONVERSION = YES;
				GCC_WARN_ABOUT_RETURN_TYPE = YES_ERROR;
				GCC_WARN_UNDECLARED_SELECTOR = YES;
				GCC_WARN_UNINITIALIZED_AUTOS = YES_AGGRESSIVE;
				GCC_WARN_UNUSED_FUNCTION = YES;
				GCC_WARN_UNUSED_VARIABLE = YES;
				IPHONEOS_DEPLOYMENT_TARGET = 18.1;
				LOCALIZATION_PREFERS_STRING_CATALOGS = YES;
				MTL_ENABLE_DEBUG_INFO = NO;
				MTL_FAST_MATH = YES;
				SDKROOT = iphoneos;
				SWIFT_COMPILATION_MODE = wholemodule;
				VALIDATE_PRODUCT = YES;
			};
			name = Release;
		};
		8B77CB352DDFBAAF00CAF13C /* Debug */ = {
			isa = XCBuildConfiguration;
			baseConfigurationReference = 676CDB46CE295FD6B1F8166B /* Pods-derm_dx.debug.xcconfig */;
			buildSettings = {
				ASSETCATALOG_COMPILER_APPICON_NAME = AppIcon;
				ASSETCATALOG_COMPILER_GLOBAL_ACCENT_COLOR_NAME = AccentColor;
				CODE_SIGN_STYLE = Automatic;
				CURRENT_PROJECT_VERSION = 1;
				DEVELOPMENT_ASSET_PATHS = "\"derm_dx/Preview Content\"";
				DEVELOPMENT_TEAM = MJ3P95GLA4;
				ENABLE_PREVIEWS = YES;
				GENERATE_INFOPLIST_FILE = YES;
				INFOPLIST_KEY_UIApplicationSceneManifest_Generation = YES;
				INFOPLIST_KEY_UIApplicationSupportsIndirectInputEvents = YES;
				INFOPLIST_KEY_UILaunchScreen_Generation = YES;
				INFOPLIST_KEY_UISupportedInterfaceOrientations_iPad = "UIInterfaceOrientationPortrait UIInterfaceOrientationPortraitUpsideDown UIInterfaceOrientationLandscapeLeft UIInterfaceOrientationLandscapeRight";
				INFOPLIST_KEY_UISupportedInterfaceOrientations_iPhone = "UIInterfaceOrientationPortrait UIInterfaceOrientationLandscapeLeft UIInterfaceOrientationLandscapeRight";
				LD_RUNPATH_SEARCH_PATHS = (
					"$(inherited)",
					"@executable_path/Frameworks",
				);
				MARKETING_VERSION = 1.0;
				PRODUCT_BUNDLE_IDENTIFIER = "DermDx.derm-dx";
				PRODUCT_NAME = "$(TARGET_NAME)";
				SWIFT_EMIT_LOC_STRINGS = YES;
				SWIFT_VERSION = 5.0;
				TARGETED_DEVICE_FAMILY = "1,2";
			};
			name = Debug;
		};
		8B77CB362DDFBAAF00CAF13C /* Release */ = {
			isa = XCBuildConfiguration;
			baseConfigurationReference = 9B6F4CFF5330C57925E8FB44 /* Pods-derm_dx.release.xcconfig */;
			buildSettings = {
				ASSETCATALOG_COMPILER_APPICON_NAME = AppIcon;
				ASSETCATALOG_COMPILER_GLOBAL_ACCENT_COLOR_NAME = AccentColor;
				CODE_SIGN_STYLE = Automatic;
				CURRENT_PROJECT_VERSION = 1;
				DEVELOPMENT_ASSET_PATHS = "\"derm_dx/Preview Content\"";
				DEVELOPMENT_TEAM = MJ3P95GLA4;
				ENABLE_PREVIEWS = YES;
				GENERATE_INFOPLIST_FILE = YES;
				INFOPLIST_KEY_UIApplicationSceneManifest_Generation = YES;
				INFOPLIST_KEY_UIApplicationSupportsIndirectInputEvents = YES;
				INFOPLIST_KEY_UILaunchScreen_Generation = YES;
				INFOPLIST_KEY_UISupportedInterfaceOrientations_iPad = "UIInterfaceOrientationPortrait UIInterfaceOrientationPortraitUpsideDown UIInterfaceOrientationLandscapeLeft UIInterfaceOrientationLandscapeRight";
				INFOPLIST_KEY_UISupportedInterfaceOrientations_iPhone = "UIInterfaceOrientationPortrait UIInterfaceOrientationLandscapeLeft UIInterfaceOrientationLandscapeRight";
				LD_RUNPATH_SEARCH_PATHS = (
					"$(inherited)",
					"@executable_path/Frameworks",
				);
				MARKETING_VERSION = 1.0;
				PRODUCT_BUNDLE_IDENTIFIER = "DermDx.derm-dx";
				PRODUCT_NAME = "$(TARGET_NAME)";
				SWIFT_EMIT_LOC_STRINGS = YES;
				SWIFT_VERSION = 5.0;
				TARGETED_DEVICE_FAMILY = "1,2";
			};
			name = Release;
		};
		8B77CB382DDFBAAF00CAF13C /* Debug */ = {
			isa = XCBuildConfiguration;
			baseConfigurationReference = BF8EDCBD01D24B5394392EEA /* Pods-derm_dxTests.debug.xcconfig */;
			buildSettings = {
				BUNDLE_LOADER = "$(TEST_HOST)";
				CODE_SIGN_STYLE = Automatic;
				CURRENT_PROJECT_VERSION = 1;
				DEVELOPMENT_TEAM = MJ3P95GLA4;
				GENERATE_INFOPLIST_FILE = YES;
				IPHONEOS_DEPLOYMENT_TARGET = 18.1;
				MARKETING_VERSION = 1.0;
				PRODUCT_BUNDLE_IDENTIFIER = "DermDx.derm-dxTests";
				PRODUCT_NAME = "$(TARGET_NAME)";
				SWIFT_EMIT_LOC_STRINGS = NO;
				SWIFT_VERSION = 5.0;
				TARGETED_DEVICE_FAMILY = "1,2";
				TEST_HOST = "$(BUILT_PRODUCTS_DIR)/derm_dx.app/$(BUNDLE_EXECUTABLE_FOLDER_PATH)/derm_dx";
			};
			name = Debug;
		};
		8B77CB392DDFBAAF00CAF13C /* Release */ = {
			isa = XCBuildConfiguration;
			baseConfigurationReference = 472DFDEE956D8079EE92E3B0 /* Pods-derm_dxTests.release.xcconfig */;
			buildSettings = {
				BUNDLE_LOADER = "$(TEST_HOST)";
				CODE_SIGN_STYLE = Automatic;
				CURRENT_PROJECT_VERSION = 1;
				DEVELOPMENT_TEAM = MJ3P95GLA4;
				GENERATE_INFOPLIST_FILE = YES;
				IPHONEOS_DEPLOYMENT_TARGET = 18.1;
				MARKETING_VERSION = 1.0;
				PRODUCT_BUNDLE_IDENTIFIER = "DermDx.derm-dxTests";
				PRODUCT_NAME = "$(TARGET_NAME)";
				SWIFT_EMIT_LOC_STRINGS = NO;
				SWIFT_VERSION = 5.0;
				TARGETED_DEVICE_FAMILY = "1,2";
				TEST_HOST = "$(BUILT_PRODUCTS_DIR)/derm_dx.app/$(BUNDLE_EXECUTABLE_FOLDER_PATH)/derm_dx";
			};
			name = Release;
		};
		8B77CB3B2DDFBAAF00CAF13C /* Debug */ = {
			isa = XCBuildConfiguration;
			baseConfigurationReference = 39589FB54F51A690190D1A48 /* Pods-derm_dx-derm_dxUITests.debug.xcconfig */;
			buildSettings = {
				CODE_SIGN_STYLE = Automatic;
				CURRENT_PROJECT_VERSION = 1;
				DEVELOPMENT_TEAM = MJ3P95GLA4;
				GENERATE_INFOPLIST_FILE = YES;
				MARKETING_VERSION = 1.0;
				PRODUCT_BUNDLE_IDENTIFIER = "DermDx.derm-dxUITests";
				PRODUCT_NAME = "$(TARGET_NAME)";
				SWIFT_EMIT_LOC_STRINGS = NO;
				SWIFT_VERSION = 5.0;
				TARGETED_DEVICE_FAMILY = "1,2";
				TEST_TARGET_NAME = derm_dx;
			};
			name = Debug;
		};
		8B77CB3C2DDFBAAF00CAF13C /* Release */ = {
			isa = XCBuildConfiguration;
			baseConfigurationReference = 783EDB31263933685CB6A21D /* Pods-derm_dx-derm_dxUITests.release.xcconfig */;
			buildSettings = {
				CODE_SIGN_STYLE = Automatic;
				CURRENT_PROJECT_VERSION = 1;
				DEVELOPMENT_TEAM = MJ3P95GLA4;
				GENERATE_INFOPLIST_FILE = YES;
				MARKETING_VERSION = 1.0;
				PRODUCT_BUNDLE_IDENTIFIER = "DermDx.derm-dxUITests";
				PRODUCT_NAME = "$(TARGET_NAME)";
				SWIFT_EMIT_LOC_STRINGS = NO;
				SWIFT_VERSION = 5.0;
				TARGETED_DEVICE_FAMILY = "1,2";
				TEST_TARGET_NAME = derm_dx;
			};
			name = Release;
		};
/* End XCBuildConfiguration section */

/* Begin XCConfigurationList section */
		8B77CB0B2DDFBAAE00CAF13C /* Build configuration list for PBXProject "derm_dx" */ = {
			isa = XCConfigurationList;
			buildConfigurations = (
				8B77CB322DDFBAAF00CAF13C /* Debug */,
				8B77CB332DDFBAAF00CAF13C /* Release */,
			);
			defaultConfigurationIsVisible = 0;
			defaultConfigurationName = Release;
		};
		8B77CB342DDFBAAF00CAF13C /* Build configuration list for PBXNativeTarget "derm_dx" */ = {
			isa = XCConfigurationList;
			buildConfigurations = (
				8B77CB352DDFBAAF00CAF13C /* Debug */,
				8B77CB362DDFBAAF00CAF13C /* Release */,
			);
			defaultConfigurationIsVisible = 0;
			defaultConfigurationName = Release;
		};
		8B77CB372DDFBAAF00CAF13C /* Build configuration list for PBXNativeTarget "derm_dxTests" */ = {
			isa = XCConfigurationList;
			buildConfigurations = (
				8B77CB382DDFBAAF00CAF13C /* Debug */,
				8B77CB392DDFBAAF00CAF13C /* Release */,
			);
			defaultConfigurationIsVisible = 0;
			defaultConfigurationName = Release;
		};
		8B77CB3A2DDFBAAF00CAF13C /* Build configuration list for PBXNativeTarget "derm_dxUITests" */ = {
			isa = XCConfigurationList;
			buildConfigurations = (
				8B77CB3B2DDFBAAF00CAF13C /* Debug */,
				8B77CB3C2DDFBAAF00CAF13C /* Release */,
			);
			defaultConfigurationIsVisible = 0;
			defaultConfigurationName = Release;
		};
/* End XCConfigurationList section */
	};
	rootObject = 8B77CB082DDFBAAE00CAF13C /* Project object */;
}
